<?xml version="1.0" encoding="Windows-1252"?>
<Project ToolsVersion="4.0" xmlns="http://schemas.microsoft.com/developer/msbuild/2003">
  <ItemGroup>
    <ClCompile Include="Main.cpp">
      <Filter>Source Files</Filter>
    </ClCompile>
    <ClCompile Include="PointCloudConverter.cpp">
      <Filter>Source Files</Filter>
    </ClCompile>
    <ClCompile Include="SegmentationTest.cpp">
      <Filter>Source Files</Filter>
    </ClCompile>
    <ClCompile Include="FilterTest.cpp">
      <Filter>Source Files</Filter>
    </ClCompile>
  </ItemGroup>
  <ItemGroup>
    <ClInclude Include="PointCloudConverter.h">
      <Filter>Header Files</Filter>
    </ClInclude>
    <ClInclude Include="SegmentationTest.h">
      <Filter>Header Files</Filter>
    </ClInclude>
    <ClInclude Include="FilterTest.h">
      <Filter>Header Files</Filter>
    </ClInclude>
  </ItemGroup>
  <ItemGroup>
    <CustomBuild Include="CmakeLists.txt" />
  </ItemGroup>
  <ItemGroup>
    <Filter Include="Source Files">
      <UniqueIdentifier>{268EA769-8A34-48CA-A3AD-7D58B1AD6066}</UniqueIdentifier>
    </Filter>
    <Filter Include="Header Files">
      <UniqueIdentifier>{41A4F5EE-B66D-4630-A896-0D68399B5D45}</UniqueIdentifier>
    </Filter>
  </ItemGroup>
</Project>
